
Microsoft Visual Studio Solution File, Format Version 12.00
# Visual Studio Version 17
VisualStudioVersion = 17.3.32901.215
MinimumVisualStudioVersion = 10.0.40219.1
Project("{8BC9CEB8-8B4A-11D0-8D11-00A0C91BC942}") = "lab_6_4_1", "lab_6_4_1\lab_6_4_1.vcxproj", "{D3AC2A77-FBBF-482D-80FD-660F638D5392}"
EndProject
Project("{8BC9CEB8-8B4A-11D0-8D11-00A0C91BC942}") = "UnitTest1", "UnitTest1\UnitTest1.vcxproj", "{B7E5C7D7-8629-4264-8146-B3A9340882DF}"
EndProject
Global
	GlobalSection(SolutionConfigurationPlatforms) = preSolution
		Debug|x64 = Debug|x64
		Debug|x86 = Debug|x86
		Release|x64 = Release|x64
		Release|x86 = Release|x86
	EndGlobalSection
	GlobalSection(ProjectConfigurationPlatforms) = postSolution
		{D3AC2A77-FBBF-482D-80FD-660F638D5392}.Debug|x64.ActiveCfg = Debug|x64
		{D3AC2A77-FBBF-482D-80FD-660F638D5392}.Debug|x64.Build.0 = Debug|x64
		{D3AC2A77-FBBF-482D-80FD-660F638D5392}.Debug|x86.ActiveCfg = Debug|Win32
		{D3AC2A77-FBBF-482D-80FD-660F638D5392}.Debug|x86.Build.0 = Debug|Win32
		{D3AC2A77-FBBF-482D-80FD-660F638D5392}.Release|x64.ActiveCfg = Release|x64
		{D3AC2A77-FBBF-482D-80FD-660F638D5392}.Release|x64.Build.0 = Release|x64
		{D3AC2A77-FBBF-482D-80FD-660F638D5392}.Release|x86.ActiveCfg = Release|Win32
		{D3AC2A77-FBBF-482D-80FD-660F638D5392}.Release|x86.Build.0 = Release|Win32
		{B7E5C7D7-8629-4264-8146-B3A9340882DF}.Debug|x64.ActiveCfg = Debug|x64
		{B7E5C7D7-8629-4264-8146-B3A9340882DF}.Debug|x64.Build.0 = Debug|x64
		{B7E5C7D7-8629-4264-8146-B3A9340882DF}.Debug|x86.ActiveCfg = Debug|Win32
		{B7E5C7D7-8629-4264-8146-B3A9340882DF}.Debug|x86.Build.0 = Debug|Win32
		{B7E5C7D7-8629-4264-8146-B3A9340882DF}.Release|x64.ActiveCfg = Release|x64
		{B7E5C7D7-8629-4264-8146-B3A9340882DF}.Release|x64.Build.0 = Release|x64
		{B7E5C7D7-8629-4264-8146-B3A9340882DF}.Release|x86.ActiveCfg = Release|Win32
		{B7E5C7D7-8629-4264-8146-B3A9340882DF}.Release|x86.Build.0 = Release|Win32
	EndGlobalSection
	GlobalSection(SolutionProperties) = preSolution
		HideSolutionNode = FALSE
	EndGlobalSection
	GlobalSection(ExtensibilityGlobals) = postSolution
		SolutionGuid = {66E82D54-EC8A-4FE2-B1F9-FB3606C0DAFD}
	EndGlobalSection
EndGlobal
